// !$*UTF8*$!
{
	archiveVersion = 1;
	classes = {
	};
	objectVersion = 56;
	objects = {

/* Begin PBXBuildFile section */
		9633F9B2295E83F300FABE77 /* AppDelegate.swift in Sources */ = {isa = PBXBuildFile; fileRef = 9633F9B1295E83F300FABE77 /* AppDelegate.swift */; };
		9633F9B4295E83F300FABE77 /* SceneDelegate.swift in Sources */ = {isa = PBXBuildFile; fileRef = 9633F9B3295E83F300FABE77 /* SceneDelegate.swift */; };
		9633F9B6295E83F300FABE77 /* ViewController.swift in Sources */ = {isa = PBXBuildFile; fileRef = 9633F9B5295E83F300FABE77 /* ViewController.swift */; };
		9633F9B9295E83F300FABE77 /* Main.storyboard in Resources */ = {isa = PBXBuildFile; fileRef = 9633F9B7295E83F300FABE77 /* Main.storyboard */; };
		9633F9BB295E83F400FABE77 /* Assets.xcassets in Resources */ = {isa = PBXBuildFile; fileRef = 9633F9BA295E83F400FABE77 /* Assets.xcassets */; };
		9633F9BE295E83F400FABE77 /* LaunchScreen.storyboard in Resources */ = {isa = PBXBuildFile; fileRef = 9633F9BC295E83F400FABE77 /* LaunchScreen.storyboard */; };
		9633F9C9295E83F400FABE77 /* movecellTests.swift in Sources */ = {isa = PBXBuildFile; fileRef = 9633F9C8295E83F400FABE77 /* movecellTests.swift */; };
		9633F9D3295E83F400FABE77 /* movecellUITests.swift in Sources */ = {isa = PBXBuildFile; fileRef = 9633F9D2295E83F400FABE77 /* movecellUITests.swift */; };
		9633F9D5295E83F400FABE77 /* movecellUITestsLaunchTests.swift in Sources */ = {isa = PBXBuildFile; fileRef = 9633F9D4295E83F400FABE77 /* movecellUITestsLaunchTests.swift */; };
/* End PBXBuildFile section */

/* Begin PBXContainerItemProxy section */
		9633F9C5295E83F400FABE77 /* PBXContainerItemProxy */ = {
			isa = PBXContainerItemProxy;
			containerPortal = 9633F9A6295E83F300FABE77 /* Project object */;
			proxyType = 1;
			remoteGlobalIDString = 9633F9AD295E83F300FABE77;
			remoteInfo = movecell;
		};
		9633F9CF295E83F400FABE77 /* PBXContainerItemProxy */ = {
			isa = PBXContainerItemProxy;
			containerPortal = 9633F9A6295E83F300FABE77 /* Project object */;
			proxyType = 1;
			remoteGlobalIDString = 9633F9AD295E83F300FABE77;
			remoteInfo = movecell;
		};
/* End PBXContainerItemProxy section */

/* Begin PBXFileReference section */
		9633F9AE295E83F300FABE77 /* movecell.app */ = {isa = PBXFileReference; explicitFileType = wrapper.application; includeInIndex = 0; path = movecell.app; sourceTree = BUILT_PRODUCTS_DIR; };
		9633F9B1295E83F300FABE77 /* AppDelegate.swift */ = {isa = PBXFileReference; lastKnownFileType = sourcecode.swift; path = AppDelegate.swift; sourceTree = "<group>"; };
		9633F9B3295E83F300FABE77 /* SceneDelegate.swift */ = {isa = PBXFileReference; lastKnownFileType = sourcecode.swift; path = SceneDelegate.swift; sourceTree = "<group>"; };
		9633F9B5295E83F300FABE77 /* ViewController.swift */ = {isa = PBXFileReference; lastKnownFileType = sourcecode.swift; path = ViewController.swift; sourceTree = "<group>"; };
		9633F9B8295E83F300FABE77 /* Base */ = {isa = PBXFileReference; lastKnownFileType = file.storyboard; name = Base; path = Base.lproj/Main.storyboard; sourceTree = "<group>"; };
		9633F9BA295E83F400FABE77 /* Assets.xcassets */ = {isa = PBXFileReference; lastKnownFileType = folder.assetcatalog; path = Assets.xcassets; sourceTree = "<group>"; };
		9633F9BD295E83F400FABE77 /* Base */ = {isa = PBXFileReference; lastKnownFileType = file.storyboard; name = Base; path = Base.lproj/LaunchScreen.storyboard; sourceTree = "<group>"; };
		9633F9BF295E83F400FABE77 /* Info.plist */ = {isa = PBXFileReference; lastKnownFileType = text.plist.xml; path = Info.plist; sourceTree = "<group>"; };
		9633F9C4295E83F400FABE77 /* movecellTests.xctest */ = {isa = PBXFileReference; explicitFileType = wrapper.cfbundle; includeInIndex = 0; path = movecellTests.xctest; sourceTree = BUILT_PRODUCTS_DIR; };
		9633F9C8295E83F400FABE77 /* movecellTests.swift */ = {isa = PBXFileReference; lastKnownFileType = sourcecode.swift; path = movecellTests.swift; sourceTree = "<group>"; };
		9633F9CE295E83F400FABE77 /* movecellUITests.xctest */ = {isa = PBXFileReference; explicitFileType = wrapper.cfbundle; includeInIndex = 0; path = movecellUITests.xctest; sourceTree = BUILT_PRODUCTS_DIR; };
		9633F9D2295E83F400FABE77 /* movecellUITests.swift */ = {isa = PBXFileReference; lastKnownFileType = sourcecode.swift; path = movecellUITests.swift; sourceTree = "<group>"; };
		9633F9D4295E83F400FABE77 /* movecellUITestsLaunchTests.swift */ = {isa = PBXFileReference; lastKnownFileType = sourcecode.swift; path = movecellUITestsLaunchTests.swift; sourceTree = "<group>"; };
/* End PBXFileReference section */

/* Begin PBXFrameworksBuildPhase section */
		9633F9AB295E83F300FABE77 /* Frameworks */ = {
			isa = PBXFrameworksBuildPhase;
			buildActionMask = 2147483647;
			files = (
			);
			runOnlyForDeploymentPostprocessing = 0;
		};
		9633F9C1295E83F400FABE77 /* Frameworks */ = {
			isa = PBXFrameworksBuildPhase;
			buildActionMask = 2147483647;
			files = (
			);
			runOnlyForDeploymentPostprocessing = 0;
		};
		9633F9CB295E83F400FABE77 /* Frameworks */ = {
			isa = PBXFrameworksBuildPhase;
			buildActionMask = 2147483647;
			files = (
			);
			runOnlyForDeploymentPostprocessing = 0;
		};
/* End PBXFrameworksBuildPhase section */

/* Begin PBXGroup section */
		9633F9A5295E83F300FABE77 = {
			isa = PBXGroup;
			children = (
				9633F9B0295E83F300FABE77 /* movecell */,
				9633F9C7295E83F400FABE77 /* movecellTests */,
				9633F9D1295E83F400FABE77 /* movecellUITests */,
				9633F9AF295E83F300FABE77 /* Products */,
			);
			sourceTree = "<group>";
		};
		9633F9AF295E83F300FABE77 /* Products */ = {
			isa = PBXGroup;
			children = (
				9633F9AE295E83F300FABE77 /* movecell.app */,
				9633F9C4295E83F400FABE77 /* movecellTests.xctest */,
				9633F9CE295E83F400FABE77 /* movecellUITests.xctest */,
			);
			name = Products;
			sourceTree = "<group>";
		};
		9633F9B0295E83F300FABE77 /* movecell */ = {
			isa = PBXGroup;
			children = (
				9633F9B1295E83F300FABE77 /* AppDelegate.swift */,
				9633F9B3295E83F300FABE77 /* SceneDelegate.swift */,
				9633F9B5295E83F300FABE77 /* ViewController.swift */,
				9633F9B7295E83F300FABE77 /* Main.storyboard */,
				9633F9BA295E83F400FABE77 /* Assets.xcassets */,
				9633F9BC295E83F400FABE77 /* LaunchScreen.storyboard */,
				9633F9BF295E83F400FABE77 /* Info.plist */,
			);
			path = movecell;
			sourceTree = "<group>";
		};
		9633F9C7295E83F400FABE77 /* movecellTests */ = {
			isa = PBXGroup;
			children = (
				9633F9C8295E83F400FABE77 /* movecellTests.swift */,
			);
			path = movecellTests;
			sourceTree = "<group>";
		};
		9633F9D1295E83F400FABE77 /* movecellUITests */ = {
			isa = PBXGroup;
			children = (
				9633F9D2295E83F400FABE77 /* movecellUITests.swift */,
				9633F9D4295E83F400FABE77 /* movecellUITestsLaunchTests.swift */,
			);
			path = movecellUITests;
			sourceTree = "<group>";
		};
/* End PBXGroup section */

/* Begin PBXNativeTarget section */
		9633F9AD295E83F300FABE77 /* movecell */ = {
			isa = PBXNativeTarget;
			buildConfigurationList = 9633F9D8295E83F400FABE77 /* Build configuration list for PBXNativeTarget "movecell" */;
			buildPhases = (
				9633F9AA295E83F300FABE77 /* Sources */,
				9633F9AB295E83F300FABE77 /* Frameworks */,
				9633F9AC295E83F300FABE77 /* Resources */,
			);
			buildRules = (
			);
			dependencies = (
			);
			name = movecell;
			productName = movecell;
			productReference = 9633F9AE295E83F300FABE77 /* movecell.app */;
			productType = "com.apple.product-type.application";
		};
		9633F9C3295E83F400FABE77 /* movecellTests */ = {
			isa = PBXNativeTarget;
			buildConfigurationList = 9633F9DB295E83F400FABE77 /* Build configuration list for PBXNativeTarget "movecellTests" */;
			buildPhases = (
				9633F9C0295E83F400FABE77 /* Sources */,
				9633F9C1295E83F400FABE77 /* Frameworks */,
				9633F9C2295E83F400FABE77 /* Resources */,
			);
			buildRules = (
			);
			dependencies = (
				9633F9C6295E83F400FABE77 /* PBXTargetDependency */,
			);
			name = movecellTests;
			productName = movecellTests;
			productReference = 9633F9C4295E83F400FABE77 /* movecellTests.xctest */;
			productType = "com.apple.product-type.bundle.unit-test";
		};
		9633F9CD295E83F400FABE77 /* movecellUITests */ = {
			isa = PBXNativeTarget;
			buildConfigurationList = 9633F9DE295E83F400FABE77 /* Build configuration list for PBXNativeTarget "movecellUITests" */;
			buildPhases = (
				9633F9CA295E83F400FABE77 /* Sources */,
				9633F9CB295E83F400FABE77 /* Frameworks */,
				9633F9CC295E83F400FABE77 /* Resources */,
			);
			buildRules = (
			);
			dependencies = (
				9633F9D0295E83F400FABE77 /* PBXTargetDependency */,
			);
			name = movecellUITests;
			productName = movecellUITests;
			productReference = 9633F9CE295E83F400FABE77 /* movecellUITests.xctest */;
			productType = "com.apple.product-type.bundle.ui-testing";
		};
/* End PBXNativeTarget section */

/* Begin PBXProject section */
		9633F9A6295E83F300FABE77 /* Project object */ = {
			isa = PBXProject;
			attributes = {
				BuildIndependentTargetsInParallel = 1;
				LastSwiftUpdateCheck = 1400;
				LastUpgradeCheck = 1400;
				TargetAttributes = {
					9633F9AD295E83F300FABE77 = {
						CreatedOnToolsVersion = 14.0.1;
					};
					9633F9C3295E83F400FABE77 = {
						CreatedOnToolsVersion = 14.0.1;
						TestTargetID = 9633F9AD295E83F300FABE77;
					};
					9633F9CD295E83F400FABE77 = {
						CreatedOnToolsVersion = 14.0.1;
						TestTargetID = 9633F9AD295E83F300FABE77;
					};
				};
			};
			buildConfigurationList = 9633F9A9295E83F300FABE77 /* Build configuration list for PBXProject "movecell" */;
			compatibilityVersion = "Xcode 14.0";
			developmentRegion = en;
			hasScannedForEncodings = 0;
			knownRegions = (
				en,
				Base,
			);
			mainGroup = 9633F9A5295E83F300FABE77;
			productRefGroup = 9633F9AF295E83F300FABE77 /* Products */;
			projectDirPath = "";
			projectRoot = "";
			targets = (
				9633F9AD295E83F300FABE77 /* movecell */,
				9633F9C3295E83F400FABE77 /* movecellTests */,
				9633F9CD295E83F400FABE77 /* movecellUITests */,
			);
		};
/* End PBXProject section */

/* Begin PBXResourcesBuildPhase section */
		9633F9AC295E83F300FABE77 /* Resources */ = {
			isa = PBXResourcesBuildPhase;
			buildActionMask = 2147483647;
			files = (
				9633F9BE295E83F400FABE77 /* LaunchScreen.storyboard in Resources */,
				9633F9BB295E83F400FABE77 /* Assets.xcassets in Resources */,
				9633F9B9295E83F300FABE77 /* Main.storyboard in Resources */,
			);
			runOnlyForDeploymentPostprocessing = 0;
		};
		9633F9C2295E83F400FABE77 /* Resources */ = {
			isa = PBXResourcesBuildPhase;
			buildActionMask = 2147483647;
			files = (
			);
			runOnlyForDeploymentPostprocessing = 0;
		};
		9633F9CC295E83F400FABE77 /* Resources */ = {
			isa = PBXResourcesBuildPhase;
			buildActionMask = 2147483647;
			files = (
			);
			runOnlyForDeploymentPostprocessing = 0;
		};
/* End PBXResourcesBuildPhase section */

/* Begin PBXSourcesBuildPhase section */
		9633F9AA295E83F300FABE77 /* Sources */ = {
			isa = PBXSourcesBuildPhase;
			buildActionMask = 2147483647;
			files = (
				9633F9B6295E83F300FABE77 /* ViewController.swift in Sources */,
				9633F9B2295E83F300FABE77 /* AppDelegate.swift in Sources */,
				9633F9B4295E83F300FABE77 /* SceneDelegate.swift in Sources */,
			);
			runOnlyForDeploymentPostprocessing = 0;
		};
		9633F9C0295E83F400FABE77 /* Sources */ = {
			isa = PBXSourcesBuildPhase;
			buildActionMask = 2147483647;
			files = (
				9633F9C9295E83F400FABE77 /* movecellTests.swift in Sources */,
			);
			runOnlyForDeploymentPostprocessing = 0;
		};
		9633F9CA295E83F400FABE77 /* Sources */ = {
			isa = PBXSourcesBuildPhase;
			buildActionMask = 2147483647;
			files = (
				9633F9D5295E83F400FABE77 /* movecellUITestsLaunchTests.swift in Sources */,
				9633F9D3295E83F400FABE77 /* movecellUITests.swift in Sources */,
			);
			runOnlyForDeploymentPostprocessing = 0;
		};
/* End PBXSourcesBuildPhase section */

/* Begin PBXTargetDependency section */
		9633F9C6295E83F400FABE77 /* PBXTargetDependency */ = {
			isa = PBXTargetDependency;
			target = 9633F9AD295E83F300FABE77 /* movecell */;
			targetProxy = 9633F9C5295E83F400FABE77 /* PBXContainerItemProxy */;
		};
		9633F9D0295E83F400FABE77 /* PBXTargetDependency */ = {
			isa = PBXTargetDependency;
			target = 9633F9AD295E83F300FABE77 /* movecell */;
			targetProxy = 9633F9CF295E83F400FABE77 /* PBXContainerItemProxy */;
		};
/* End PBXTargetDependency section */

/* Begin PBXVariantGroup section */
		9633F9B7295E83F300FABE77 /* Main.storyboard */ = {
			isa = PBXVariantGroup;
			children = (
				9633F9B8295E83F300FABE77 /* Base */,
			);
			name = Main.storyboard;
			sourceTree = "<group>";
		};
		9633F9BC295E83F400FABE77 /* LaunchScreen.storyboard */ = {
			isa = PBXVariantGroup;
			children = (
				9633F9BD295E83F400FABE77 /* Base */,
			);
			name = LaunchScreen.storyboard;
			sourceTree = "<group>";
		};
/* End PBXVariantGroup section */

/* Begin XCBuildConfiguration section */
		9633F9D6295E83F400FABE77 /* Debug */ = {
			isa = XCBuildConfiguration;
			buildSettings = {
				ALWAYS_SEARCH_USER_PATHS = NO;
				CLANG_ANALYZER_NONNULL = YES;
				CLANG_ANALYZER_NUMBER_OBJECT_CONVERSION = YES_AGGRESSIVE;
				CLANG_CXX_LANGUAGE_STANDARD = "gnu++20";
				CLANG_ENABLE_MODULES = YES;
				CLANG_ENABLE_OBJC_ARC = YES;
				CLANG_ENABLE_OBJC_WEAK = YES;
				CLANG_WARN_BLOCK_CAPTURE_AUTORELEASING = YES;
				CLANG_WARN_BOOL_CONVERSION = YES;
				CLANG_WARN_COMMA = YES;
				CLANG_WARN_CONSTANT_CONVERSION = YES;
				CLANG_WARN_DEPRECATED_OBJC_IMPLEMENTATIONS = YES;
				CLANG_WARN_DIRECT_OBJC_ISA_USAGE = YES_ERROR;
				CLANG_WARN_DOCUMENTATION_COMMENTS = YES;
				CLANG_WARN_EMPTY_BODY = YES;
				CLANG_WARN_ENUM_CONVERSION = YES;
				CLANG_WARN_INFINITE_RECURSION = YES;
				CLANG_WARN_INT_CONVERSION = YES;
				CLANG_WARN_NON_LITERAL_NULL_CONVERSION = YES;
				CLANG_WARN_OBJC_IMPLICIT_RETAIN_SELF = YES;
				CLANG_WARN_OBJC_LITERAL_CONVERSION = YES;
				CLANG_WARN_OBJC_ROOT_CLASS = YES_ERROR;
				CLANG_WARN_QUOTED_INCLUDE_IN_FRAMEWORK_HEADER = YES;
				CLANG_WARN_RANGE_LOOP_ANALYSIS = YES;
				CLANG_WARN_STRICT_PROTOTYPES = YES;
				CLANG_WARN_SUSPICIOUS_MOVE = YES;
				CLANG_WARN_UNGUARDED_AVAILABILITY = YES_AGGRESSIVE;
				CLANG_WARN_UNREACHABLE_CODE = YES;
				CLANG_WARN__DUPLICATE_METHOD_MATCH = YES;
				COPY_PHASE_STRIP = NO;
				DEBUG_INFORMATION_FORMAT = dwarf;
				ENABLE_STRICT_OBJC_MSGSEND = YES;
				ENABLE_TESTABILITY = YES;
				GCC_C_LANGUAGE_STANDARD = gnu11;
				GCC_DYNAMIC_NO_PIC = NO;
				GCC_NO_COMMON_BLOCKS = YES;
				GCC_OPTIMIZATION_LEVEL = 0;
				GCC_PREPROCESSOR_DEFINITIONS = (
					"DEBUG=1",
					"$(inherited)",
				);
				GCC_WARN_64_TO_32_BIT_CONVERSION = YES;
				GCC_WARN_ABOUT_RETURN_TYPE = YES_ERROR;
				GCC_WARN_UNDECLARED_SELECTOR = YES;
				GCC_WARN_UNINITIALIZED_AUTOS = YES_AGGRESSIVE;
				GCC_WARN_UNUSED_FUNCTION = YES;
				GCC_WARN_UNUSED_VARIABLE = YES;
				IPHONEOS_DEPLOYMENT_TARGET = 16.0;
				MTL_ENABLE_DEBUG_INFO = INCLUDE_SOURCE;
				MTL_FAST_MATH = YES;
				ONLY_ACTIVE_ARCH = YES;
				SDKROOT = iphoneos;
				SWIFT_ACTIVE_COMPILATION_CONDITIONS = DEBUG;
				SWIFT_OPTIMIZATION_LEVEL = "-Onone";
			};
			name = Debug;
		};
		9633F9D7295E83F400FABE77 /* Release */ = {
			isa = XCBuildConfiguration;
			buildSettings = {
				ALWAYS_SEARCH_USER_PATHS = NO;
				CLANG_ANALYZER_NONNULL = YES;
				CLANG_ANALYZER_NUMBER_OBJECT_CONVERSION = YES_AGGRESSIVE;
				CLANG_CXX_LANGUAGE_STANDARD = "gnu++20";
				CLANG_ENABLE_MODULES = YES;
				CLANG_ENABLE_OBJC_ARC = YES;
				CLANG_ENABLE_OBJC_WEAK = YES;
				CLANG_WARN_BLOCK_CAPTURE_AUTORELEASING = YES;
				CLANG_WARN_BOOL_CONVERSION = YES;
				CLANG_WARN_COMMA = YES;
				CLANG_WARN_CONSTANT_CONVERSION = YES;
				CLANG_WARN_DEPRECATED_OBJC_IMPLEMENTATIONS = YES;
				CLANG_WARN_DIRECT_OBJC_ISA_USAGE = YES_ERROR;
				CLANG_WARN_DOCUMENTATION_COMMENTS = YES;
				CLANG_WARN_EMPTY_BODY = YES;
				CLANG_WARN_ENUM_CONVERSION = YES;
				CLANG_WARN_INFINITE_RECURSION = YES;
				CLANG_WARN_INT_CONVERSION = YES;
				CLANG_WARN_NON_LITERAL_NULL_CONVERSION = YES;
				CLANG_WARN_OBJC_IMPLICIT_RETAIN_SELF = YES;
				CLANG_WARN_OBJC_LITERAL_CONVERSION = YES;
				CLANG_WARN_OBJC_ROOT_CLASS = YES_ERROR;
				CLANG_WARN_QUOTED_INCLUDE_IN_FRAMEWORK_HEADER = YES;
				CLANG_WARN_RANGE_LOOP_ANALYSIS = YES;
				CLANG_WARN_STRICT_PROTOTYPES = YES;
				CLANG_WARN_SUSPICIOUS_MOVE = YES;
				CLANG_WARN_UNGUARDED_AVAILABILITY = YES_AGGRESSIVE;
				CLANG_WARN_UNREACHABLE_CODE = YES;
				CLANG_WARN__DUPLICATE_METHOD_MATCH = YES;
				COPY_PHASE_STRIP = NO;
				DEBUG_INFORMATION_FORMAT = "dwarf-with-dsym";
				ENABLE_NS_ASSERTIONS = NO;
				ENABLE_STRICT_OBJC_MSGSEND = YES;
				GCC_C_LANGUAGE_STANDARD = gnu11;
				GCC_NO_COMMON_BLOCKS = YES;
				GCC_WARN_64_TO_32_BIT_CONVERSION = YES;
				GCC_WARN_ABOUT_RETURN_TYPE = YES_ERROR;
				GCC_WARN_UNDECLARED_SELECTOR = YES;
				GCC_WARN_UNINITIALIZED_AUTOS = YES_AGGRESSIVE;
				GCC_WARN_UNUSED_FUNCTION = YES;
				GCC_WARN_UNUSED_VARIABLE = YES;
				IPHONEOS_DEPLOYMENT_TARGET = 16.0;
				MTL_ENABLE_DEBUG_INFO = NO;
				MTL_FAST_MATH = YES;
				SDKROOT = iphoneos;
				SWIFT_COMPILATION_MODE = wholemodule;
				SWIFT_OPTIMIZATION_LEVEL = "-O";
				VALIDATE_PRODUCT = YES;
			};
			name = Release;
		};
		9633F9D9295E83F400FABE77 /* Debug */ = {
			isa = XCBuildConfiguration;
			buildSettings = {
				ASSETCATALOG_COMPILER_APPICON_NAME = AppIcon;
				ASSETCATALOG_COMPILER_GLOBAL_ACCENT_COLOR_NAME = AccentColor;
				CODE_SIGN_STYLE = Automatic;
				CURRENT_PROJECT_VERSION = 1;
				GENERATE_INFOPLIST_FILE = YES;
				INFOPLIST_FILE = movecell/Info.plist;
				INFOPLIST_KEY_UIApplicationSupportsIndirectInputEvents = YES;
				INFOPLIST_KEY_UILaunchStoryboardName = LaunchScreen;
				INFOPLIST_KEY_UIMainStoryboardFile = Main;
				INFOPLIST_KEY_UISupportedInterfaceOrientations_iPad = "UIInterfaceOrientationPortrait UIInterfaceOrientationPortraitUpsideDown UIInterfaceOrientationLandscapeLeft UIInterfaceOrientationLandscapeRight";
				INFOPLIST_KEY_UISupportedInterfaceOrientations_iPhone = "UIInterfaceOrientationPortrait UIInterfaceOrientationLandscapeLeft UIInterfaceOrientationLandscapeRight";
				LD_RUNPATH_SEARCH_PATHS = (
					"$(inherited)",
					"@executable_path/Frameworks",
				);
				MARKETING_VERSION = 1.0;
				PRODUCT_BUNDLE_IDENTIFIER = com.jason.movecell;
				PRODUCT_NAME = "$(TARGET_NAME)";
				SWIFT_EMIT_LOC_STRINGS = YES;
				SWIFT_VERSION = 5.0;
				TARGETED_DEVICE_FAMILY = "1,2";
			};
			name = Debug;
		};
		9633F9DA295E83F400FABE77 /* Release */ = {
			isa = XCBuildConfiguration;
			buildSettings = {
				ASSETCATALOG_COMPILER_APPICON_NAME = AppIcon;
				ASSETCATALOG_COMPILER_GLOBAL_ACCENT_COLOR_NAME = AccentColor;
				CODE_SIGN_STYLE = Automatic;
				CURRENT_PROJECT_VERSION = 1;
				GENERATE_INFOPLIST_FILE = YES;
				INFOPLIST_FILE = movecell/Info.plist;
				INFOPLIST_KEY_UIApplicationSupportsIndirectInputEvents = YES;
				INFOPLIST_KEY_UILaunchStoryboardName = LaunchScreen;
				INFOPLIST_KEY_UIMainStoryboardFile = Main;
				INFOPLIST_KEY_UISupportedInterfaceOrientations_iPad = "UIInterfaceOrientationPortrait UIInterfaceOrientationPortraitUpsideDown UIInterfaceOrientationLandscapeLeft UIInterfaceOrientationLandscapeRight";
				INFOPLIST_KEY_UISupportedInterfaceOrientations_iPhone = "UIInterfaceOrientationPortrait UIInterfaceOrientationLandscapeLeft UIInterfaceOrientationLandscapeRight";
				LD_RUNPATH_SEARCH_PATHS = (
					"$(inherited)",
					"@executable_path/Frameworks",
				);
				MARKETING_VERSION = 1.0;
				PRODUCT_BUNDLE_IDENTIFIER = com.jason.movecell;
				PRODUCT_NAME = "$(TARGET_NAME)";
				SWIFT_EMIT_LOC_STRINGS = YES;
				SWIFT_VERSION = 5.0;
				TARGETED_DEVICE_FAMILY = "1,2";
			};
			name = Release;
		};
		9633F9DC295E83F400FABE77 /* Debug */ = {
			isa = XCBuildConfiguration;
			buildSettings = {
				ALWAYS_EMBED_SWIFT_STANDARD_LIBRARIES = YES;
				BUNDLE_LOADER = "$(TEST_HOST)";
				CODE_SIGN_STYLE = Automatic;
				CURRENT_PROJECT_VERSION = 1;
				GENERATE_INFOPLIST_FILE = YES;
				IPHONEOS_DEPLOYMENT_TARGET = 16.0;
				MARKETING_VERSION = 1.0;
				PRODUCT_BUNDLE_IDENTIFIER = com.jason.movecellTests;
				PRODUCT_NAME = "$(TARGET_NAME)";
				SWIFT_EMIT_LOC_STRINGS = NO;
				SWIFT_VERSION = 5.0;
				TARGETED_DEVICE_FAMILY = "1,2";
				TEST_HOST = "$(BUILT_PRODUCTS_DIR)/movecell.app/$(BUNDLE_EXECUTABLE_FOLDER_PATH)/movecell";
			};
			name = Debug;
		};
		9633F9DD295E83F400FABE77 /* Release */ = {
			isa = XCBuildConfiguration;
			buildSettings = {
				ALWAYS_EMBED_SWIFT_STANDARD_LIBRARIES = YES;
				BUNDLE_LOADER = "$(TEST_HOST)";
				CODE_SIGN_STYLE = Automatic;
				CURRENT_PROJECT_VERSION = 1;
				GENERATE_INFOPLIST_FILE = YES;
				IPHONEOS_DEPLOYMENT_TARGET = 16.0;
				MARKETING_VERSION = 1.0;
				PRODUCT_BUNDLE_IDENTIFIER = com.jason.movecellTests;
				PRODUCT_NAME = "$(TARGET_NAME)";
				SWIFT_EMIT_LOC_STRINGS = NO;
				SWIFT_VERSION = 5.0;
				TARGETED_DEVICE_FAMILY = "1,2";
				TEST_HOST = "$(BUILT_PRODUCTS_DIR)/movecell.app/$(BUNDLE_EXECUTABLE_FOLDER_PATH)/movecell";
			};
			name = Release;
		};
		9633F9DF295E83F400FABE77 /* Debug */ = {
			isa = XCBuildConfiguration;
			buildSettings = {
				ALWAYS_EMBED_SWIFT_STANDARD_LIBRARIES = YES;
				CODE_SIGN_STYLE = Automatic;
				CURRENT_PROJECT_VERSION = 1;
				GENERATE_INFOPLIST_FILE = YES;
				MARKETING_VERSION = 1.0;
				PRODUCT_BUNDLE_IDENTIFIER = com.jason.movecellUITests;
				PRODUCT_NAME = "$(TARGET_NAME)";
				SWIFT_EMIT_LOC_STRINGS = NO;
				SWIFT_VERSION = 5.0;
				TARGETED_DEVICE_FAMILY = "1,2";
				TEST_TARGET_NAME = movecell;
			};
			name = Debug;
		};
		9633F9E0295E83F400FABE77 /* Release */ = {
			isa = XCBuildConfiguration;
			buildSettings = {
				ALWAYS_EMBED_SWIFT_STANDARD_LIBRARIES = YES;
				CODE_SIGN_STYLE = Automatic;
				CURRENT_PROJECT_VERSION = 1;
				GENERATE_INFOPLIST_FILE = YES;
				MARKETING_VERSION = 1.0;
				PRODUCT_BUNDLE_IDENTIFIER = com.jason.movecellUITests;
				PRODUCT_NAME = "$(TARGET_NAME)";
				SWIFT_EMIT_LOC_STRINGS = NO;
				SWIFT_VERSION = 5.0;
				TARGETED_DEVICE_FAMILY = "1,2";
				TEST_TARGET_NAME = movecell;
			};
			name = Release;
		};
/* End XCBuildConfiguration section */

/* Begin XCConfigurationList section */
		9633F9A9295E83F300FABE77 /* Build configuration list for PBXProject "movecell" */ = {
			isa = XCConfigurationList;
			buildConfigurations = (
				9633F9D6295E83F400FABE77 /* Debug */,
				9633F9D7295E83F400FABE77 /* Release */,
			);
			defaultConfigurationIsVisible = 0;
			defaultConfigurationName = Release;
		};
		9633F9D8295E83F400FABE77 /* Build configuration list for PBXNativeTarget "movecell" */ = {
			isa = XCConfigurationList;
			buildConfigurations = (
				9633F9D9295E83F400FABE77 /* Debug */,
				9633F9DA295E83F400FABE77 /* Release */,
			);
			defaultConfigurationIsVisible = 0;
			defaultConfigurationName = Release;
		};
		9633F9DB295E83F400FABE77 /* Build configuration list for PBXNativeTarget "movecellTests" */ = {
			isa = XCConfigurationList;
			buildConfigurations = (
				9633F9DC295E83F400FABE77 /* Debug */,
				9633F9DD295E83F400FABE77 /* Release */,
			);
			defaultConfigurationIsVisible = 0;
			defaultConfigurationName = Release;
		};
		9633F9DE295E83F400FABE77 /* Build configuration list for PBXNativeTarget "movecellUITests" */ = {
			isa = XCConfigurationList;
			buildConfigurations = (
				9633F9DF295E83F400FABE77 /* Debug */,
				9633F9E0295E83F400FABE77 /* Release */,
			);
			defaultConfigurationIsVisible = 0;
			defaultConfigurationName = Release;
		};
/* End XCConfigurationList section */
	};
	rootObject = 9633F9A6295E83F300FABE77 /* Project object */;
}
